
Microsoft Visual Studio Solution File, Format Version 12.00
Project("{FAE04EC0-301F-11D3-BF4B-00C04F79EFBC}") = "ooc-2", "ooc-2\ooc-2.csproj", "{328DE78B-E19D-4C6C-9620-053138197742}"
EndProject
Global
	GlobalSection(SolutionConfigurationPlatforms) = preSolution
		Debug|Any CPU = Debug|Any CPU
		Release|Any CPU = Release|Any CPU
	EndGlobalSection
	GlobalSection(ProjectConfigurationPlatforms) = postSolution
		{328DE78B-E19D-4C6C-9620-053138197742}.Debug|Any CPU.ActiveCfg = Debug|Any CPU
		{328DE78B-E19D-4C6C-9620-053138197742}.Debug|Any CPU.Build.0 = Debug|Any CPU
		{328DE78B-E19D-4C6C-9620-053138197742}.Release|Any CPU.ActiveCfg = Release|Any CPU
		{328DE78B-E19D-4C6C-9620-053138197742}.Release|Any CPU.Build.0 = Release|Any CPU
	EndGlobalSection
EndGlobal
