
Microsoft Visual Studio Solution File, Format Version 12.00
Project("{FAE04EC0-301F-11D3-BF4B-00C04F79EFBC}") = "Zuruck", "Zuruck\Zuruck.csproj", "{4BA92B32-09DA-48EB-AD05-8629A1CD3BA3}"
EndProject
Global
	GlobalSection(SolutionConfigurationPlatforms) = preSolution
		Debug|Any CPU = Debug|Any CPU
		Release|Any CPU = Release|Any CPU
	EndGlobalSection
	GlobalSection(ProjectConfigurationPlatforms) = postSolution
		{4BA92B32-09DA-48EB-AD05-8629A1CD3BA3}.Debug|Any CPU.ActiveCfg = Debug|Any CPU
		{4BA92B32-09DA-48EB-AD05-8629A1CD3BA3}.Debug|Any CPU.Build.0 = Debug|Any CPU
		{4BA92B32-09DA-48EB-AD05-8629A1CD3BA3}.Release|Any CPU.ActiveCfg = Release|Any CPU
		{4BA92B32-09DA-48EB-AD05-8629A1CD3BA3}.Release|Any CPU.Build.0 = Release|Any CPU
	EndGlobalSection
EndGlobal
