Microsoft Visual Studio Solution File, Format Version 12.00
# Visual Studio Version 17
VisualStudioVersion = 17.5.2.0
MinimumVisualStudioVersion = 10.0.40219.1
Project("{FAE04EC0-301F-11D3-BF4B-00C04F79EFBC}") = "NP", "NP.csproj", "{89041CE0-D0C6-36FE-55B7-FED3E3F533F2}"
EndProject
Global
	GlobalSection(SolutionConfigurationPlatforms) = preSolution
		Debug|Any CPU = Debug|Any CPU
		Release|Any CPU = Release|Any CPU
	EndGlobalSection
	GlobalSection(ProjectConfigurationPlatforms) = postSolution
		{89041CE0-D0C6-36FE-55B7-FED3E3F533F2}.Debug|Any CPU.ActiveCfg = Debug|Any CPU
		{89041CE0-D0C6-36FE-55B7-FED3E3F533F2}.Debug|Any CPU.Build.0 = Debug|Any CPU
		{89041CE0-D0C6-36FE-55B7-FED3E3F533F2}.Release|Any CPU.ActiveCfg = Release|Any CPU
		{89041CE0-D0C6-36FE-55B7-FED3E3F533F2}.Release|Any CPU.Build.0 = Release|Any CPU
	EndGlobalSection
	GlobalSection(SolutionProperties) = preSolution
		HideSolutionNode = FALSE
	EndGlobalSection
	GlobalSection(ExtensibilityGlobals) = postSolution
		SolutionGuid = {0A2C751B-D065-45FE-AA14-1B7CF8A5DE05}
	EndGlobalSection
EndGlobal
