
Microsoft Visual Studio Solution File, Format Version 12.00
Project("{FAE04EC0-301F-11D3-BF4B-00C04F79EFBC}") = "Rabatt", "Rabatt\Rabatt.csproj", "{83E96909-EFB5-41E1-8546-4DA1C68704BC}"
EndProject
Global
	GlobalSection(SolutionConfigurationPlatforms) = preSolution
		Debug|Any CPU = Debug|Any CPU
		Release|Any CPU = Release|Any CPU
	EndGlobalSection
	GlobalSection(ProjectConfigurationPlatforms) = postSolution
		{83E96909-EFB5-41E1-8546-4DA1C68704BC}.Debug|Any CPU.ActiveCfg = Debug|Any CPU
		{83E96909-EFB5-41E1-8546-4DA1C68704BC}.Debug|Any CPU.Build.0 = Debug|Any CPU
		{83E96909-EFB5-41E1-8546-4DA1C68704BC}.Release|Any CPU.ActiveCfg = Release|Any CPU
		{83E96909-EFB5-41E1-8546-4DA1C68704BC}.Release|Any CPU.Build.0 = Release|Any CPU
	EndGlobalSection
EndGlobal
